// !$*UTF8*$!
{
	archiveVersion = 1;
	classes = {
	};
	objectVersion = 46;
	objects = {

/* Begin PBXBuildFile section */
		6C5C75CA1B0D4CA8001A986E /* ThumbnailChooserCollectionViewController.swift in Sources */ = {isa = PBXBuildFile; fileRef = 6C5C75C91B0D4CA8001A986E /* ThumbnailChooserCollectionViewController.swift */; };
		6C7AB0AA1B05880A0095482E /* SearchResultsTableViewController.swift in Sources */ = {isa = PBXBuildFile; fileRef = 6C7AB0A91B05880A0095482E /* SearchResultsTableViewController.swift */; };
		6C7AB0AC1B0593C50095482E /* data.json in Resources */ = {isa = PBXBuildFile; fileRef = 6C7AB0AB1B0593C50095482E /* data.json */; };
		6C7AB0AF1B06B8B60095482E /* Model.xcdatamodeld in Sources */ = {isa = PBXBuildFile; fileRef = 6C7AB0AD1B06B8B60095482E /* Model.xcdatamodeld */; };
		6C7AB0BB1B06D8F50095482E /* GameExtension.swift in Sources */ = {isa = PBXBuildFile; fileRef = 6C7AB0BA1B06D8F50095482E /* GameExtension.swift */; };
		6C7AB0BD1B06DBDE0095482E /* ThumbnailsExtension.swift in Sources */ = {isa = PBXBuildFile; fileRef = 6C7AB0BC1B06DBDE0095482E /* ThumbnailsExtension.swift */; };
		6C7AB0BF1B06DC020095482E /* PlatformExtension.swift in Sources */ = {isa = PBXBuildFile; fileRef = 6C7AB0BE1B06DC020095482E /* PlatformExtension.swift */; };
		6C7AB0C11B06DC2F0095482E /* GenreExtension.swift in Sources */ = {isa = PBXBuildFile; fileRef = 6C7AB0C01B06DC2F0095482E /* GenreExtension.swift */; };
		6C7AB0CC1B07160F0095482E /* SettingsTableViewController.swift in Sources */ = {isa = PBXBuildFile; fileRef = 6C7AB0CB1B07160F0095482E /* SettingsTableViewController.swift */; };
		6C7AB0CF1B0732E60095482E /* AboutTableViewController.swift in Sources */ = {isa = PBXBuildFile; fileRef = 6C7AB0CE1B0732E60095482E /* AboutTableViewController.swift */; };
		6C9680551B05497400D5FC74 /* AppDelegate.swift in Sources */ = {isa = PBXBuildFile; fileRef = 6C9680541B05497400D5FC74 /* AppDelegate.swift */; };
		6C9680571B05497400D5FC74 /* MasterTableViewController.swift in Sources */ = {isa = PBXBuildFile; fileRef = 6C9680561B05497400D5FC74 /* MasterTableViewController.swift */; };
		6C96805A1B05497400D5FC74 /* Main.storyboard in Resources */ = {isa = PBXBuildFile; fileRef = 6C9680581B05497400D5FC74 /* Main.storyboard */; };
		6C96805C1B05497400D5FC74 /* Images.xcassets in Resources */ = {isa = PBXBuildFile; fileRef = 6C96805B1B05497400D5FC74 /* Images.xcassets */; };
		6C96805F1B05497400D5FC74 /* LaunchScreen.xib in Resources */ = {isa = PBXBuildFile; fileRef = 6C96805D1B05497400D5FC74 /* LaunchScreen.xib */; };
		6C96806B1B05497400D5FC74 /* My_Games_iOSTests.swift in Sources */ = {isa = PBXBuildFile; fileRef = 6C96806A1B05497400D5FC74 /* My_Games_iOSTests.swift */; };
		6CC858A91B092F8300531C6A /* ManageGenresTableViewController.swift in Sources */ = {isa = PBXBuildFile; fileRef = 6CC858A81B092F8300531C6A /* ManageGenresTableViewController.swift */; };
		6CC858AB1B092FAB00531C6A /* ManagePlatformsTableViewController.swift in Sources */ = {isa = PBXBuildFile; fileRef = 6CC858AA1B092FAB00531C6A /* ManagePlatformsTableViewController.swift */; };
		6CE9C6CC1B07B4C700CF7645 /* DetailTableViewController.swift in Sources */ = {isa = PBXBuildFile; fileRef = 6CE9C6CB1B07B4C700CF7645 /* DetailTableViewController.swift */; };
		6CF0675F1B0A654400DD420D /* AddGameTableViewController.swift in Sources */ = {isa = PBXBuildFile; fileRef = 6CF0675E1B0A654400DD420D /* AddGameTableViewController.swift */; };
		6CF067611B0A776800DD420D /* EditGameTableViewController.swift in Sources */ = {isa = PBXBuildFile; fileRef = 6CF067601B0A776800DD420D /* EditGameTableViewController.swift */; };
		6CF0677B1B0B838B00DD420D /* Platform.swift in Sources */ = {isa = PBXBuildFile; fileRef = 6CF0677A1B0B838B00DD420D /* Platform.swift */; };
		6CF0677D1B0B838B00DD420D /* Genre.swift in Sources */ = {isa = PBXBuildFile; fileRef = 6CF0677C1B0B838B00DD420D /* Genre.swift */; };
		6CF0677F1B0B838B00DD420D /* Thumbnail.swift in Sources */ = {isa = PBXBuildFile; fileRef = 6CF0677E1B0B838B00DD420D /* Thumbnail.swift */; };
		6CF067811B0B838B00DD420D /* Game.swift in Sources */ = {isa = PBXBuildFile; fileRef = 6CF067801B0B838B00DD420D /* Game.swift */; };
		6CF067831B0B99BD00DD420D /* ManageThumbnailsCollectionViewController.swift in Sources */ = {isa = PBXBuildFile; fileRef = 6CF067821B0B99BD00DD420D /* ManageThumbnailsCollectionViewController.swift */; };
		6CF067851B0C157100DD420D /* GenreChooserTableViewController.swift in Sources */ = {isa = PBXBuildFile; fileRef = 6CF067841B0C157100DD420D /* GenreChooserTableViewController.swift */; };
		6CF067871B0CD5E200DD420D /* PlatformChooserTableViewController.swift in Sources */ = {isa = PBXBuildFile; fileRef = 6CF067861B0CD5E200DD420D /* PlatformChooserTableViewController.swift */; };
/* End PBXBuildFile section */

/* Begin PBXContainerItemProxy section */
		6C9680651B05497400D5FC74 /* PBXContainerItemProxy */ = {
			isa = PBXContainerItemProxy;
			containerPortal = 6C9680471B05497400D5FC74 /* Project object */;
			proxyType = 1;
			remoteGlobalIDString = 6C96804E1B05497400D5FC74;
			remoteInfo = "My Games iOS";
		};
/* End PBXContainerItemProxy section */

/* Begin PBXFileReference section */
		6C5C75C91B0D4CA8001A986E /* ThumbnailChooserCollectionViewController.swift */ = {isa = PBXFileReference; fileEncoding = 4; lastKnownFileType = sourcecode.swift; path = ThumbnailChooserCollectionViewController.swift; sourceTree = "<group>"; };
		6C7AB0A91B05880A0095482E /* SearchResultsTableViewController.swift */ = {isa = PBXFileReference; fileEncoding = 4; lastKnownFileType = sourcecode.swift; path = SearchResultsTableViewController.swift; sourceTree = "<group>"; };
		6C7AB0AB1B0593C50095482E /* data.json */ = {isa = PBXFileReference; fileEncoding = 4; lastKnownFileType = text.json; path = data.json; sourceTree = "<group>"; };
		6C7AB0AE1B06B8B60095482E /* Model.xcdatamodel */ = {isa = PBXFileReference; lastKnownFileType = wrapper.xcdatamodel; path = Model.xcdatamodel; sourceTree = "<group>"; };
		6C7AB0BA1B06D8F50095482E /* GameExtension.swift */ = {isa = PBXFileReference; fileEncoding = 4; lastKnownFileType = sourcecode.swift; path = GameExtension.swift; sourceTree = "<group>"; };
		6C7AB0BC1B06DBDE0095482E /* ThumbnailsExtension.swift */ = {isa = PBXFileReference; fileEncoding = 4; lastKnownFileType = sourcecode.swift; path = ThumbnailsExtension.swift; sourceTree = "<group>"; };
		6C7AB0BE1B06DC020095482E /* PlatformExtension.swift */ = {isa = PBXFileReference; fileEncoding = 4; lastKnownFileType = sourcecode.swift; path = PlatformExtension.swift; sourceTree = "<group>"; };
		6C7AB0C01B06DC2F0095482E /* GenreExtension.swift */ = {isa = PBXFileReference; fileEncoding = 4; lastKnownFileType = sourcecode.swift; path = GenreExtension.swift; sourceTree = "<group>"; };
		6C7AB0CB1B07160F0095482E /* SettingsTableViewController.swift */ = {isa = PBXFileReference; fileEncoding = 4; lastKnownFileType = sourcecode.swift; path = SettingsTableViewController.swift; sourceTree = "<group>"; };
		6C7AB0CE1B0732E60095482E /* AboutTableViewController.swift */ = {isa = PBXFileReference; fileEncoding = 4; lastKnownFileType = sourcecode.swift; path = AboutTableViewController.swift; sourceTree = "<group>"; };
		6C96804F1B05497400D5FC74 /* My Games iOS.app */ = {isa = PBXFileReference; explicitFileType = wrapper.application; includeInIndex = 0; path = "My Games iOS.app"; sourceTree = BUILT_PRODUCTS_DIR; };
		6C9680531B05497400D5FC74 /* Info.plist */ = {isa = PBXFileReference; lastKnownFileType = text.plist.xml; path = Info.plist; sourceTree = "<group>"; };
		6C9680541B05497400D5FC74 /* AppDelegate.swift */ = {isa = PBXFileReference; lastKnownFileType = sourcecode.swift; path = AppDelegate.swift; sourceTree = "<group>"; };
		6C9680561B05497400D5FC74 /* MasterTableViewController.swift */ = {isa = PBXFileReference; lastKnownFileType = sourcecode.swift; path = MasterTableViewController.swift; sourceTree = "<group>"; };
		6C9680591B05497400D5FC74 /* Base */ = {isa = PBXFileReference; lastKnownFileType = file.storyboard; name = Base; path = Base.lproj/Main.storyboard; sourceTree = "<group>"; };
		6C96805B1B05497400D5FC74 /* Images.xcassets */ = {isa = PBXFileReference; lastKnownFileType = folder.assetcatalog; path = Images.xcassets; sourceTree = "<group>"; };
		6C96805E1B05497400D5FC74 /* Base */ = {isa = PBXFileReference; lastKnownFileType = file.xib; name = Base; path = Base.lproj/LaunchScreen.xib; sourceTree = "<group>"; };
		6C9680641B05497400D5FC74 /* My Games iOSTests.xctest */ = {isa = PBXFileReference; explicitFileType = wrapper.cfbundle; includeInIndex = 0; path = "My Games iOSTests.xctest"; sourceTree = BUILT_PRODUCTS_DIR; };
		6C9680691B05497400D5FC74 /* Info.plist */ = {isa = PBXFileReference; lastKnownFileType = text.plist.xml; path = Info.plist; sourceTree = "<group>"; };
		6C96806A1B05497400D5FC74 /* My_Games_iOSTests.swift */ = {isa = PBXFileReference; lastKnownFileType = sourcecode.swift; path = My_Games_iOSTests.swift; sourceTree = "<group>"; };
		6CC858A81B092F8300531C6A /* ManageGenresTableViewController.swift */ = {isa = PBXFileReference; fileEncoding = 4; lastKnownFileType = sourcecode.swift; path = ManageGenresTableViewController.swift; sourceTree = "<group>"; };
		6CC858AA1B092FAB00531C6A /* ManagePlatformsTableViewController.swift */ = {isa = PBXFileReference; fileEncoding = 4; lastKnownFileType = sourcecode.swift; path = ManagePlatformsTableViewController.swift; sourceTree = "<group>"; };
		6CE9C6CB1B07B4C700CF7645 /* DetailTableViewController.swift */ = {isa = PBXFileReference; fileEncoding = 4; lastKnownFileType = sourcecode.swift; path = DetailTableViewController.swift; sourceTree = "<group>"; };
		6CF0675E1B0A654400DD420D /* AddGameTableViewController.swift */ = {isa = PBXFileReference; fileEncoding = 4; lastKnownFileType = sourcecode.swift; path = AddGameTableViewController.swift; sourceTree = "<group>"; };
		6CF067601B0A776800DD420D /* EditGameTableViewController.swift */ = {isa = PBXFileReference; fileEncoding = 4; lastKnownFileType = sourcecode.swift; path = EditGameTableViewController.swift; sourceTree = "<group>"; };
		6CF0677A1B0B838B00DD420D /* Platform.swift */ = {isa = PBXFileReference; fileEncoding = 4; lastKnownFileType = sourcecode.swift; path = Platform.swift; sourceTree = "<group>"; };
		6CF0677C1B0B838B00DD420D /* Genre.swift */ = {isa = PBXFileReference; fileEncoding = 4; lastKnownFileType = sourcecode.swift; path = Genre.swift; sourceTree = "<group>"; };
		6CF0677E1B0B838B00DD420D /* Thumbnail.swift */ = {isa = PBXFileReference; fileEncoding = 4; lastKnownFileType = sourcecode.swift; path = Thumbnail.swift; sourceTree = "<group>"; };
		6CF067801B0B838B00DD420D /* Game.swift */ = {isa = PBXFileReference; fileEncoding = 4; lastKnownFileType = sourcecode.swift; path = Game.swift; sourceTree = "<group>"; };
		6CF067821B0B99BD00DD420D /* ManageThumbnailsCollectionViewController.swift */ = {isa = PBXFileReference; fileEncoding = 4; lastKnownFileType = sourcecode.swift; path = ManageThumbnailsCollectionViewController.swift; sourceTree = "<group>"; };
		6CF067841B0C157100DD420D /* GenreChooserTableViewController.swift */ = {isa = PBXFileReference; fileEncoding = 4; lastKnownFileType = sourcecode.swift; path = GenreChooserTableViewController.swift; sourceTree = "<group>"; };
		6CF067861B0CD5E200DD420D /* PlatformChooserTableViewController.swift */ = {isa = PBXFileReference; fileEncoding = 4; lastKnownFileType = sourcecode.swift; path = PlatformChooserTableViewController.swift; sourceTree = "<group>"; };
/* End PBXFileReference section */

/* Begin PBXFrameworksBuildPhase section */
		6C96804C1B05497400D5FC74 /* Frameworks */ = {
			isa = PBXFrameworksBuildPhase;
			buildActionMask = 2147483647;
			files = (
			);
			runOnlyForDeploymentPostprocessing = 0;
		};
		6C9680611B05497400D5FC74 /* Frameworks */ = {
			isa = PBXFrameworksBuildPhase;
			buildActionMask = 2147483647;
			files = (
			);
			runOnlyForDeploymentPostprocessing = 0;
		};
/* End PBXFrameworksBuildPhase section */

/* Begin PBXGroup section */
		6C7AB0A81B05880A0095482E /* Search */ = {
			isa = PBXGroup;
			children = (
				6C7AB0A91B05880A0095482E /* SearchResultsTableViewController.swift */,
			);
			path = Search;
			sourceTree = "<group>";
		};
		6C7AB0B01B06BDDC0095482E /* Model */ = {
			isa = PBXGroup;
			children = (
				6C7AB0B91B06D8BD0095482E /* Extensions */,
				6CF067801B0B838B00DD420D /* Game.swift */,
				6CF0677E1B0B838B00DD420D /* Thumbnail.swift */,
				6CF0677C1B0B838B00DD420D /* Genre.swift */,
				6CF0677A1B0B838B00DD420D /* Platform.swift */,
			);
			path = Model;
			sourceTree = "<group>";
		};
		6C7AB0B91B06D8BD0095482E /* Extensions */ = {
			isa = PBXGroup;
			children = (
				6C7AB0BA1B06D8F50095482E /* GameExtension.swift */,
				6C7AB0BC1B06DBDE0095482E /* ThumbnailsExtension.swift */,
				6C7AB0BE1B06DC020095482E /* PlatformExtension.swift */,
				6C7AB0C01B06DC2F0095482E /* GenreExtension.swift */,
			);
			path = Extensions;
			sourceTree = "<group>";
		};
		6C7AB0CA1B0714EF0095482E /* Settings */ = {
			isa = PBXGroup;
			children = (
				6C7AB0CB1B07160F0095482E /* SettingsTableViewController.swift */,
				6C7AB0CE1B0732E60095482E /* AboutTableViewController.swift */,
				6CC858A81B092F8300531C6A /* ManageGenresTableViewController.swift */,
				6CC858AA1B092FAB00531C6A /* ManagePlatformsTableViewController.swift */,
				6CF067821B0B99BD00DD420D /* ManageThumbnailsCollectionViewController.swift */,
			);
			path = Settings;
			sourceTree = "<group>";
		};
		6C9680461B05497400D5FC74 = {
			isa = PBXGroup;
			children = (
				6C9680511B05497400D5FC74 /* My Games iOS */,
				6C9680671B05497400D5FC74 /* My Games iOSTests */,
				6C9680501B05497400D5FC74 /* Products */,
			);
			sourceTree = "<group>";
		};
		6C9680501B05497400D5FC74 /* Products */ = {
			isa = PBXGroup;
			children = (
				6C96804F1B05497400D5FC74 /* My Games iOS.app */,
				6C9680641B05497400D5FC74 /* My Games iOSTests.xctest */,
			);
			name = Products;
			sourceTree = "<group>";
		};
		6C9680511B05497400D5FC74 /* My Games iOS */ = {
			isa = PBXGroup;
			children = (
				6C7AB0B01B06BDDC0095482E /* Model */,
				6C7AB0A81B05880A0095482E /* Search */,
				6C7AB0CA1B0714EF0095482E /* Settings */,
				6C9680541B05497400D5FC74 /* AppDelegate.swift */,
				6C9680561B05497400D5FC74 /* MasterTableViewController.swift */,
				6CE9C6CB1B07B4C700CF7645 /* DetailTableViewController.swift */,
				6CF0675E1B0A654400DD420D /* AddGameTableViewController.swift */,
				6CF067601B0A776800DD420D /* EditGameTableViewController.swift */,
				6CF067841B0C157100DD420D /* GenreChooserTableViewController.swift */,
				6CF067861B0CD5E200DD420D /* PlatformChooserTableViewController.swift */,
				6C5C75C91B0D4CA8001A986E /* ThumbnailChooserCollectionViewController.swift */,
				6C9680581B05497400D5FC74 /* Main.storyboard */,
				6C96805B1B05497400D5FC74 /* Images.xcassets */,
				6C96805D1B05497400D5FC74 /* LaunchScreen.xib */,
				6C7AB0AD1B06B8B60095482E /* Model.xcdatamodeld */,
				6C9680521B05497400D5FC74 /* Supporting Files */,
			);
			path = "My Games iOS";
			sourceTree = "<group>";
		};
		6C9680521B05497400D5FC74 /* Supporting Files */ = {
			isa = PBXGroup;
			children = (
				6C7AB0AB1B0593C50095482E /* data.json */,
				6C9680531B05497400D5FC74 /* Info.plist */,
			);
			name = "Supporting Files";
			sourceTree = "<group>";
		};
		6C9680671B05497400D5FC74 /* My Games iOSTests */ = {
			isa = PBXGroup;
			children = (
				6C96806A1B05497400D5FC74 /* My_Games_iOSTests.swift */,
				6C9680681B05497400D5FC74 /* Supporting Files */,
			);
			path = "My Games iOSTests";
			sourceTree = "<group>";
		};
		6C9680681B05497400D5FC74 /* Supporting Files */ = {
			isa = PBXGroup;
			children = (
				6C9680691B05497400D5FC74 /* Info.plist */,
			);
			name = "Supporting Files";
			sourceTree = "<group>";
		};
/* End PBXGroup section */

/* Begin PBXNativeTarget section */
		6C96804E1B05497400D5FC74 /* My Games iOS */ = {
			isa = PBXNativeTarget;
			buildConfigurationList = 6C96806E1B05497400D5FC74 /* Build configuration list for PBXNativeTarget "My Games iOS" */;
			buildPhases = (
				6C96804B1B05497400D5FC74 /* Sources */,
				6C96804C1B05497400D5FC74 /* Frameworks */,
				6C96804D1B05497400D5FC74 /* Resources */,
			);
			buildRules = (
			);
			dependencies = (
			);
			name = "My Games iOS";
			productName = "My Games iOS";
			productReference = 6C96804F1B05497400D5FC74 /* My Games iOS.app */;
			productType = "com.apple.product-type.application";
		};
		6C9680631B05497400D5FC74 /* My Games iOSTests */ = {
			isa = PBXNativeTarget;
			buildConfigurationList = 6C9680711B05497400D5FC74 /* Build configuration list for PBXNativeTarget "My Games iOSTests" */;
			buildPhases = (
				6C9680601B05497400D5FC74 /* Sources */,
				6C9680611B05497400D5FC74 /* Frameworks */,
				6C9680621B05497400D5FC74 /* Resources */,
			);
			buildRules = (
			);
			dependencies = (
				6C9680661B05497400D5FC74 /* PBXTargetDependency */,
			);
			name = "My Games iOSTests";
			productName = "My Games iOSTests";
			productReference = 6C9680641B05497400D5FC74 /* My Games iOSTests.xctest */;
			productType = "com.apple.product-type.bundle.unit-test";
		};
/* End PBXNativeTarget section */

/* Begin PBXProject section */
		6C9680471B05497400D5FC74 /* Project object */ = {
			isa = PBXProject;
			attributes = {
				LastUpgradeCheck = 0630;
				ORGANIZATIONNAME = JORGETAPIA.NET;
				TargetAttributes = {
					6C96804E1B05497400D5FC74 = {
						CreatedOnToolsVersion = 6.3.1;
						DevelopmentTeam = RTCYSWYBFH;
					};
					6C9680631B05497400D5FC74 = {
						CreatedOnToolsVersion = 6.3.1;
						TestTargetID = 6C96804E1B05497400D5FC74;
					};
				};
			};
			buildConfigurationList = 6C96804A1B05497400D5FC74 /* Build configuration list for PBXProject "My Games iOS" */;
			compatibilityVersion = "Xcode 3.2";
			developmentRegion = English;
			hasScannedForEncodings = 0;
			knownRegions = (
				en,
				Base,
			);
			mainGroup = 6C9680461B05497400D5FC74;
			productRefGroup = 6C9680501B05497400D5FC74 /* Products */;
			projectDirPath = "";
			projectRoot = "";
			targets = (
				6C96804E1B05497400D5FC74 /* My Games iOS */,
				6C9680631B05497400D5FC74 /* My Games iOSTests */,
			);
		};
/* End PBXProject section */

/* Begin PBXResourcesBuildPhase section */
		6C96804D1B05497400D5FC74 /* Resources */ = {
			isa = PBXResourcesBuildPhase;
			buildActionMask = 2147483647;
			files = (
				6C96805A1B05497400D5FC74 /* Main.storyboard in Resources */,
				6C96805F1B05497400D5FC74 /* LaunchScreen.xib in Resources */,
				6C96805C1B05497400D5FC74 /* Images.xcassets in Resources */,
				6C7AB0AC1B0593C50095482E /* data.json in Resources */,
			);
			runOnlyForDeploymentPostprocessing = 0;
		};
		6C9680621B05497400D5FC74 /* Resources */ = {
			isa = PBXResourcesBuildPhase;
			buildActionMask = 2147483647;
			files = (
			);
			runOnlyForDeploymentPostprocessing = 0;
		};
/* End PBXResourcesBuildPhase section */

/* Begin PBXSourcesBuildPhase section */
		6C96804B1B05497400D5FC74 /* Sources */ = {
			isa = PBXSourcesBuildPhase;
			buildActionMask = 2147483647;
			files = (
				6CF067831B0B99BD00DD420D /* ManageThumbnailsCollectionViewController.swift in Sources */,
				6CF0675F1B0A654400DD420D /* AddGameTableViewController.swift in Sources */,
				6C7AB0CC1B07160F0095482E /* SettingsTableViewController.swift in Sources */,
				6C9680571B05497400D5FC74 /* MasterTableViewController.swift in Sources */,
				6CF0677B1B0B838B00DD420D /* Platform.swift in Sources */,
				6C5C75CA1B0D4CA8001A986E /* ThumbnailChooserCollectionViewController.swift in Sources */,
				6CC858A91B092F8300531C6A /* ManageGenresTableViewController.swift in Sources */,
				6C9680551B05497400D5FC74 /* AppDelegate.swift in Sources */,
				6C7AB0AA1B05880A0095482E /* SearchResultsTableViewController.swift in Sources */,
				6CF0677D1B0B838B00DD420D /* Genre.swift in Sources */,
				6C7AB0BF1B06DC020095482E /* PlatformExtension.swift in Sources */,
				6C7AB0C11B06DC2F0095482E /* GenreExtension.swift in Sources */,
				6CC858AB1B092FAB00531C6A /* ManagePlatformsTableViewController.swift in Sources */,
				6C7AB0BB1B06D8F50095482E /* GameExtension.swift in Sources */,
				6C7AB0CF1B0732E60095482E /* AboutTableViewController.swift in Sources */,
				6C7AB0AF1B06B8B60095482E /* Model.xcdatamodeld in Sources */,
				6CF067811B0B838B00DD420D /* Game.swift in Sources */,
				6CE9C6CC1B07B4C700CF7645 /* DetailTableViewController.swift in Sources */,
				6CF0677F1B0B838B00DD420D /* Thumbnail.swift in Sources */,
				6CF067871B0CD5E200DD420D /* PlatformChooserTableViewController.swift in Sources */,
				6C7AB0BD1B06DBDE0095482E /* ThumbnailsExtension.swift in Sources */,
				6CF067611B0A776800DD420D /* EditGameTableViewController.swift in Sources */,
				6CF067851B0C157100DD420D /* GenreChooserTableViewController.swift in Sources */,
			);
			runOnlyForDeploymentPostprocessing = 0;
		};
		6C9680601B05497400D5FC74 /* Sources */ = {
			isa = PBXSourcesBuildPhase;
			buildActionMask = 2147483647;
			files = (
				6C96806B1B05497400D5FC74 /* My_Games_iOSTests.swift in Sources */,
			);
			runOnlyForDeploymentPostprocessing = 0;
		};
/* End PBXSourcesBuildPhase section */

/* Begin PBXTargetDependency section */
		6C9680661B05497400D5FC74 /* PBXTargetDependency */ = {
			isa = PBXTargetDependency;
			target = 6C96804E1B05497400D5FC74 /* My Games iOS */;
			targetProxy = 6C9680651B05497400D5FC74 /* PBXContainerItemProxy */;
		};
/* End PBXTargetDependency section */

/* Begin PBXVariantGroup section */
		6C9680581B05497400D5FC74 /* Main.storyboard */ = {
			isa = PBXVariantGroup;
			children = (
				6C9680591B05497400D5FC74 /* Base */,
			);
			name = Main.storyboard;
			sourceTree = "<group>";
		};
		6C96805D1B05497400D5FC74 /* LaunchScreen.xib */ = {
			isa = PBXVariantGroup;
			children = (
				6C96805E1B05497400D5FC74 /* Base */,
			);
			name = LaunchScreen.xib;
			sourceTree = "<group>";
		};
/* End PBXVariantGroup section */

/* Begin XCBuildConfiguration section */
		6C96806C1B05497400D5FC74 /* Debug */ = {
			isa = XCBuildConfiguration;
			buildSettings = {
				ALWAYS_SEARCH_USER_PATHS = NO;
				CLANG_CXX_LANGUAGE_STANDARD = "gnu++0x";
				CLANG_CXX_LIBRARY = "libc++";
				CLANG_ENABLE_MODULES = YES;
				CLANG_ENABLE_OBJC_ARC = YES;
				CLANG_WARN_BOOL_CONVERSION = YES;
				CLANG_WARN_CONSTANT_CONVERSION = YES;
				CLANG_WARN_DIRECT_OBJC_ISA_USAGE = YES_ERROR;
				CLANG_WARN_EMPTY_BODY = YES;
				CLANG_WARN_ENUM_CONVERSION = YES;
				CLANG_WARN_INT_CONVERSION = YES;
				CLANG_WARN_OBJC_ROOT_CLASS = YES_ERROR;
				CLANG_WARN_UNREACHABLE_CODE = YES;
				CLANG_WARN__DUPLICATE_METHOD_MATCH = YES;
				"CODE_SIGN_IDENTITY[sdk=iphoneos*]" = "iPhone Developer";
				COPY_PHASE_STRIP = NO;
				DEBUG_INFORMATION_FORMAT = "dwarf-with-dsym";
				ENABLE_STRICT_OBJC_MSGSEND = YES;
				GCC_C_LANGUAGE_STANDARD = gnu99;
				GCC_DYNAMIC_NO_PIC = NO;
				GCC_NO_COMMON_BLOCKS = YES;
				GCC_OPTIMIZATION_LEVEL = 0;
				GCC_PREPROCESSOR_DEFINITIONS = (
					"DEBUG=1",
					"$(inherited)",
				);
				GCC_SYMBOLS_PRIVATE_EXTERN = NO;
				GCC_WARN_64_TO_32_BIT_CONVERSION = YES;
				GCC_WARN_ABOUT_RETURN_TYPE = YES_ERROR;
				GCC_WARN_UNDECLARED_SELECTOR = YES;
				GCC_WARN_UNINITIALIZED_AUTOS = YES_AGGRESSIVE;
				GCC_WARN_UNUSED_FUNCTION = YES;
				GCC_WARN_UNUSED_VARIABLE = YES;
				IPHONEOS_DEPLOYMENT_TARGET = 8.3;
				MTL_ENABLE_DEBUG_INFO = YES;
				ONLY_ACTIVE_ARCH = YES;
				SDKROOT = iphoneos;
				SWIFT_OPTIMIZATION_LEVEL = "-Onone";
			};
			name = Debug;
		};
		6C96806D1B05497400D5FC74 /* Release */ = {
			isa = XCBuildConfiguration;
			buildSettings = {
				ALWAYS_SEARCH_USER_PATHS = NO;
				CLANG_CXX_LANGUAGE_STANDARD = "gnu++0x";
				CLANG_CXX_LIBRARY = "libc++";
				CLANG_ENABLE_MODULES = YES;
				CLANG_ENABLE_OBJC_ARC = YES;
				CLANG_WARN_BOOL_CONVERSION = YES;
				CLANG_WARN_CONSTANT_CONVERSION = YES;
				CLANG_WARN_DIRECT_OBJC_ISA_USAGE = YES_ERROR;
				CLANG_WARN_EMPTY_BODY = YES;
				CLANG_WARN_ENUM_CONVERSION = YES;
				CLANG_WARN_INT_CONVERSION = YES;
				CLANG_WARN_OBJC_ROOT_CLASS = YES_ERROR;
				CLANG_WARN_UNREACHABLE_CODE = YES;
				CLANG_WARN__DUPLICATE_METHOD_MATCH = YES;
				"CODE_SIGN_IDENTITY[sdk=iphoneos*]" = "iPhone Developer";
				COPY_PHASE_STRIP = NO;
				DEBUG_INFORMATION_FORMAT = "dwarf-with-dsym";
				ENABLE_NS_ASSERTIONS = NO;
				ENABLE_STRICT_OBJC_MSGSEND = YES;
				GCC_C_LANGUAGE_STANDARD = gnu99;
				GCC_NO_COMMON_BLOCKS = YES;
				GCC_WARN_64_TO_32_BIT_CONVERSION = YES;
				GCC_WARN_ABOUT_RETURN_TYPE = YES_ERROR;
				GCC_WARN_UNDECLARED_SELECTOR = YES;
				GCC_WARN_UNINITIALIZED_AUTOS = YES_AGGRESSIVE;
				GCC_WARN_UNUSED_FUNCTION = YES;
				GCC_WARN_UNUSED_VARIABLE = YES;
				IPHONEOS_DEPLOYMENT_TARGET = 8.3;
				MTL_ENABLE_DEBUG_INFO = NO;
				SDKROOT = iphoneos;
				VALIDATE_PRODUCT = YES;
			};
			name = Release;
		};
		6C96806F1B05497400D5FC74 /* Debug */ = {
			isa = XCBuildConfiguration;
			buildSettings = {
				ASSETCATALOG_COMPILER_APPICON_NAME = AppIcon;
				CODE_SIGN_IDENTITY = "iPhone Developer";
				INFOPLIST_FILE = "My Games iOS/Info.plist";
				LD_RUNPATH_SEARCH_PATHS = "$(inherited) @executable_path/Frameworks";
				PRODUCT_NAME = "$(TARGET_NAME)";
			};
			name = Debug;
		};
		6C9680701B05497400D5FC74 /* Release */ = {
			isa = XCBuildConfiguration;
			buildSettings = {
				ASSETCATALOG_COMPILER_APPICON_NAME = AppIcon;
				CODE_SIGN_IDENTITY = "iPhone Developer";
				INFOPLIST_FILE = "My Games iOS/Info.plist";
				LD_RUNPATH_SEARCH_PATHS = "$(inherited) @executable_path/Frameworks";
				PRODUCT_NAME = "$(TARGET_NAME)";
			};
			name = Release;
		};
		6C9680721B05497400D5FC74 /* Debug */ = {
			isa = XCBuildConfiguration;
			buildSettings = {
				BUNDLE_LOADER = "$(TEST_HOST)";
				FRAMEWORK_SEARCH_PATHS = (
					"$(SDKROOT)/Developer/Library/Frameworks",
					"$(inherited)",
				);
				GCC_PREPROCESSOR_DEFINITIONS = (
					"DEBUG=1",
					"$(inherited)",
				);
				INFOPLIST_FILE = "My Games iOSTests/Info.plist";
				LD_RUNPATH_SEARCH_PATHS = "$(inherited) @executable_path/Frameworks @loader_path/Frameworks";
				PRODUCT_NAME = "$(TARGET_NAME)";
				TEST_HOST = "$(BUILT_PRODUCTS_DIR)/My Games iOS.app/My Games iOS";
			};
			name = Debug;
		};
		6C9680731B05497400D5FC74 /* Release */ = {
			isa = XCBuildConfiguration;
			buildSettings = {
				BUNDLE_LOADER = "$(TEST_HOST)";
				FRAMEWORK_SEARCH_PATHS = (
					"$(SDKROOT)/Developer/Library/Frameworks",
					"$(inherited)",
				);
				INFOPLIST_FILE = "My Games iOSTests/Info.plist";
				LD_RUNPATH_SEARCH_PATHS = "$(inherited) @executable_path/Frameworks @loader_path/Frameworks";
				PRODUCT_NAME = "$(TARGET_NAME)";
				TEST_HOST = "$(BUILT_PRODUCTS_DIR)/My Games iOS.app/My Games iOS";
			};
			name = Release;
		};
/* End XCBuildConfiguration section */

/* Begin XCConfigurationList section */
		6C96804A1B05497400D5FC74 /* Build configuration list for PBXProject "My Games iOS" */ = {
			isa = XCConfigurationList;
			buildConfigurations = (
				6C96806C1B05497400D5FC74 /* Debug */,
				6C96806D1B05497400D5FC74 /* Release */,
			);
			defaultConfigurationIsVisible = 0;
			defaultConfigurationName = Release;
		};
		6C96806E1B05497400D5FC74 /* Build configuration list for PBXNativeTarget "My Games iOS" */ = {
			isa = XCConfigurationList;
			buildConfigurations = (
				6C96806F1B05497400D5FC74 /* Debug */,
				6C9680701B05497400D5FC74 /* Release */,
			);
			defaultConfigurationIsVisible = 0;
			defaultConfigurationName = Release;
		};
		6C9680711B05497400D5FC74 /* Build configuration list for PBXNativeTarget "My Games iOSTests" */ = {
			isa = XCConfigurationList;
			buildConfigurations = (
				6C9680721B05497400D5FC74 /* Debug */,
				6C9680731B05497400D5FC74 /* Release */,
			);
			defaultConfigurationIsVisible = 0;
			defaultConfigurationName = Release;
		};
/* End XCConfigurationList section */

/* Begin XCVersionGroup section */
		6C7AB0AD1B06B8B60095482E /* Model.xcdatamodeld */ = {
			isa = XCVersionGroup;
			children = (
				6C7AB0AE1B06B8B60095482E /* Model.xcdatamodel */,
			);
			currentVersion = 6C7AB0AE1B06B8B60095482E /* Model.xcdatamodel */;
			path = Model.xcdatamodeld;
			sourceTree = "<group>";
			versionGroupType = wrapper.xcdatamodel;
		};
/* End XCVersionGroup section */
	};
	rootObject = 6C9680471B05497400D5FC74 /* Project object */;
}
